
Microsoft Visual Studio Solution File, Format Version 12.00
# Visual Studio Version 17
VisualStudioVersion = 17.5.002.0
MinimumVisualStudioVersion = 10.0.40219.1
Project("{9A19103F-16F7-4668-BE54-9A1E7A4F7556}") = "Prism.NET", "Prism.NET\Prism.NET.csproj", "{18C047F3-0661-4AE0-A1F2-BC99FA60B2EA}"
EndProject
Project("{2150E333-8FDC-42A3-9474-1A3956D46DE8}") = "PrismTests", "PrismTests", "{735C4506-608A-405E-8516-0D555CB7947E}"
EndProject
Project("{9A19103F-16F7-4668-BE54-9A1E7A4F7556}") = "ImportFunc", "PrismTests\ImportFunc\ImportFunc.csproj", "{70DAA5EC-28B8-48EC-BAFC-F8A6CC1830C1}"
EndProject
Global
	GlobalSection(SolutionConfigurationPlatforms) = preSolution
		Debug|Any CPU = Debug|Any CPU
		Release|Any CPU = Release|Any CPU
	EndGlobalSection
	GlobalSection(ProjectConfigurationPlatforms) = postSolution
		{18C047F3-0661-4AE0-A1F2-BC99FA60B2EA}.Debug|Any CPU.ActiveCfg = Debug|Any CPU
		{18C047F3-0661-4AE0-A1F2-BC99FA60B2EA}.Debug|Any CPU.Build.0 = Debug|Any CPU
		{18C047F3-0661-4AE0-A1F2-BC99FA60B2EA}.Release|Any CPU.ActiveCfg = Release|Any CPU
		{18C047F3-0661-4AE0-A1F2-BC99FA60B2EA}.Release|Any CPU.Build.0 = Release|Any CPU
		{70DAA5EC-28B8-48EC-BAFC-F8A6CC1830C1}.Debug|Any CPU.ActiveCfg = Debug|Any CPU
		{70DAA5EC-28B8-48EC-BAFC-F8A6CC1830C1}.Debug|Any CPU.Build.0 = Debug|Any CPU
		{70DAA5EC-28B8-48EC-BAFC-F8A6CC1830C1}.Release|Any CPU.ActiveCfg = Release|Any CPU
		{70DAA5EC-28B8-48EC-BAFC-F8A6CC1830C1}.Release|Any CPU.Build.0 = Release|Any CPU
	EndGlobalSection
	GlobalSection(SolutionProperties) = preSolution
		HideSolutionNode = FALSE
	EndGlobalSection
	GlobalSection(NestedProjects) = preSolution
		{70DAA5EC-28B8-48EC-BAFC-F8A6CC1830C1} = {735C4506-608A-405E-8516-0D555CB7947E}
	EndGlobalSection
	GlobalSection(ExtensibilityGlobals) = postSolution
		SolutionGuid = {7479C9D3-2D00-4C82-B3B9-D1DDEF2484A8}
	EndGlobalSection
EndGlobal
